
Microsoft Visual Studio Solution File, Format Version 12.00
# Visual Studio Version 17
VisualStudioVersion = 17.10.35013.160
MinimumVisualStudioVersion = 10.0.40219.1
Project("{9A19103F-16F7-4668-BE54-9A1E7A4F7556}") = "Motorola.Snapi", "MotorolaSnapi\Motorola.Snapi.csproj", "{8609800B-EAF7-4A99-82D5-5899DF1E0747}"
EndProject
Global
	GlobalSection(SolutionConfigurationPlatforms) = preSolution
		Debug|Any CPU = Debug|Any CPU
		Release|Any CPU = Release|Any CPU
	EndGlobalSection
	GlobalSection(ProjectConfigurationPlatforms) = postSolution
		{8609800B-EAF7-4A99-82D5-5899DF1E0747}.Debug|Any CPU.ActiveCfg = Debug|Any CPU
		{8609800B-EAF7-4A99-82D5-5899DF1E0747}.Debug|Any CPU.Build.0 = Debug|Any CPU
		{8609800B-EAF7-4A99-82D5-5899DF1E0747}.Release|Any CPU.ActiveCfg = Release|Any CPU
		{8609800B-EAF7-4A99-82D5-5899DF1E0747}.Release|Any CPU.Build.0 = Release|Any CPU
	EndGlobalSection
	GlobalSection(SolutionProperties) = preSolution
		HideSolutionNode = FALSE
	EndGlobalSection
EndGlobal
